// !$*UTF8*$!
{
	archiveVersion = 1;
	classes = {
	};
	objectVersion = 51;
	objects = {

/* Begin PBXBuildFile section */
		330AA6BF25DFD853004F7F5B /* InterestsView.swift in Sources */ = {isa = PBXBuildFile; fileRef = 330AA6BE25DFD853004F7F5B /* InterestsView.swift */; };
		330AA6D125DFE25B004F7F5B /* LoginView.swift in Sources */ = {isa = PBXBuildFile; fileRef = 330AA6D025DFE25B004F7F5B /* LoginView.swift */; };
		330AA6D725DFEBA2004F7F5B /* Router.swift in Sources */ = {isa = PBXBuildFile; fileRef = 330AA6D625DFEBA2004F7F5B /* Router.swift */; };
		871484007B7C0CF2D734FF3B /* Pods_DataLayer.framework in Frameworks */ = {isa = PBXBuildFile; fileRef = FBE9E9B82118EE0FDAABF893 /* Pods_DataLayer.framework */; };
		B46DBD18E5B44A230749AF8F /* Pods_MVVMTest.framework in Frameworks */ = {isa = PBXBuildFile; fileRef = 25B95393F3750DD56299FA04 /* Pods_MVVMTest.framework */; };
		C6C4AF42C7DFCED9A18F9ECF /* Pods_Utils.framework in Frameworks */ = {isa = PBXBuildFile; fileRef = BCFBD7EECC3DDE5EE4DD815B /* Pods_Utils.framework */; };
		EC76D0CE53DCC3A83F8DA150 /* DataProviderFactory.swift in Sources */ = {isa = PBXBuildFile; fileRef = EC76DEB64D927A8422464120 /* DataProviderFactory.swift */; };
		EC76D8FC96E4DCE98A84FD70 /* LoginViewController.swift in Sources */ = {isa = PBXBuildFile; fileRef = EC76D2487C9933D8396A8168 /* LoginViewController.swift */; };
		EC76D9068C774722617B1215 /* AppCoordinator.swift in Sources */ = {isa = PBXBuildFile; fileRef = EC76D45B5F63DBB39DDCDB5D /* AppCoordinator.swift */; };
		EC76DAB501A1C85A699C443C /* Colors.swift in Sources */ = {isa = PBXBuildFile; fileRef = EC76D766EBED4DF41257DF78 /* Colors.swift */; };
		EC76DAE4A97CEE51E1FCBFF3 /* PersistenceProvider.swift in Sources */ = {isa = PBXBuildFile; fileRef = EC76D5DD09ABAB222037E6B9 /* PersistenceProvider.swift */; };
		EC76DB76F433DE26D2FF9036 /* CollectionHelper.swift in Sources */ = {isa = PBXBuildFile; fileRef = EC76DC7D9E40284CE4ABDDF2 /* CollectionHelper.swift */; };
		EC76DE570D111154D3AD2CA9 /* LoginAssembler.swift in Sources */ = {isa = PBXBuildFile; fileRef = EC76DDE0610EFE3DDB85C434 /* LoginAssembler.swift */; };
		EC76DE826FEB6C6BCBB5C89B /* LoginViewModel.swift in Sources */ = {isa = PBXBuildFile; fileRef = EC76DAB056D97F4D25A7568A /* LoginViewModel.swift */; };
		EC76DEF2AF25EC0795E3B2FB /* InterestsViewController.swift in Sources */ = {isa = PBXBuildFile; fileRef = EC76D4AA7832614C6D340493 /* InterestsViewController.swift */; };
		F60BE7E3234C7FB500B848D0 /* Utils.h in Headers */ = {isa = PBXBuildFile; fileRef = F60BE7E1234C7FB500B848D0 /* Utils.h */; settings = {ATTRIBUTES = (Public, ); }; };
		F60BE7E6234C7FB500B848D0 /* Utils.framework in Frameworks */ = {isa = PBXBuildFile; fileRef = F60BE7DF234C7FB500B848D0 /* Utils.framework */; };
		F60BE7E7234C7FB500B848D0 /* Utils.framework in Embed Frameworks */ = {isa = PBXBuildFile; fileRef = F60BE7DF234C7FB500B848D0 /* Utils.framework */; settings = {ATTRIBUTES = (CodeSignOnCopy, RemoveHeadersOnCopy, ); }; };
		F60BE81F234C7FD000B848D0 /* ModuleType.swift in Sources */ = {isa = PBXBuildFile; fileRef = F60BE7EB234C7FD000B848D0 /* ModuleType.swift */; };
		F60BE820234C7FD000B848D0 /* UserDefaults+Common.swift in Sources */ = {isa = PBXBuildFile; fileRef = F60BE7EC234C7FD000B848D0 /* UserDefaults+Common.swift */; };
		F60BE821234C7FD000B848D0 /* CountingLabel.swift in Sources */ = {isa = PBXBuildFile; fileRef = F60BE7ED234C7FD000B848D0 /* CountingLabel.swift */; };
		F60BE822234C7FD000B848D0 /* UILinkableLabel.swift in Sources */ = {isa = PBXBuildFile; fileRef = F60BE7EE234C7FD000B848D0 /* UILinkableLabel.swift */; };
		F60BE823234C7FD000B848D0 /* Int+Extensions.swift in Sources */ = {isa = PBXBuildFile; fileRef = F60BE7F0234C7FD000B848D0 /* Int+Extensions.swift */; };
		F60BE824234C7FD000B848D0 /* Timing.swift in Sources */ = {isa = PBXBuildFile; fileRef = F60BE7F1234C7FD000B848D0 /* Timing.swift */; };
		F60BE825234C7FD000B848D0 /* UIImageView+Extensions.swift in Sources */ = {isa = PBXBuildFile; fileRef = F60BE7F2234C7FD000B848D0 /* UIImageView+Extensions.swift */; };
		F60BE826234C7FD000B848D0 /* UIApplication+KVC.swift in Sources */ = {isa = PBXBuildFile; fileRef = F60BE7F4234C7FD000B848D0 /* UIApplication+KVC.swift */; };
		F60BE827234C7FD000B848D0 /* UIColor+Common.swift in Sources */ = {isa = PBXBuildFile; fileRef = F60BE7F6234C7FD000B848D0 /* UIColor+Common.swift */; };
		F60BE828234C7FD000B848D0 /* UIAlertController+Common.swift in Sources */ = {isa = PBXBuildFile; fileRef = F60BE7F8234C7FD000B848D0 /* UIAlertController+Common.swift */; };
		F60BE829234C7FD000B848D0 /* UIAlertAction+KVC.swift in Sources */ = {isa = PBXBuildFile; fileRef = F60BE7F9234C7FD000B848D0 /* UIAlertAction+KVC.swift */; };
		F60BE82A234C7FD000B848D0 /* Strings+Extensions.swift in Sources */ = {isa = PBXBuildFile; fileRef = F60BE7FA234C7FD000B848D0 /* Strings+Extensions.swift */; };
		F60BE82B234C7FD000B848D0 /* View+BlurExtension.swift in Sources */ = {isa = PBXBuildFile; fileRef = F60BE7FC234C7FD000B848D0 /* View+BlurExtension.swift */; };
		F60BE82C234C7FD000B848D0 /* UIView+Visible.swift in Sources */ = {isa = PBXBuildFile; fileRef = F60BE7FD234C7FD000B848D0 /* UIView+Visible.swift */; };
		F60BE82D234C7FD000B848D0 /* UIView+Animations.swift in Sources */ = {isa = PBXBuildFile; fileRef = F60BE7FE234C7FD000B848D0 /* UIView+Animations.swift */; };
		F60BE82E234C7FD000B848D0 /* UIView+Gradient.swift in Sources */ = {isa = PBXBuildFile; fileRef = F60BE7FF234C7FD000B848D0 /* UIView+Gradient.swift */; };
		F60BE82F234C7FD000B848D0 /* UIView+Visibility-IhorNur.swift in Sources */ = {isa = PBXBuildFile; fileRef = F60BE800234C7FD000B848D0 /* UIView+Visibility-IhorNur.swift */; };
		F60BE830234C7FD000B848D0 /* UIView+NibLoadExtensions.swift in Sources */ = {isa = PBXBuildFile; fileRef = F60BE801234C7FD000B848D0 /* UIView+NibLoadExtensions.swift */; };
		F60BE831234C7FD000B848D0 /* UIViewTapping.swift in Sources */ = {isa = PBXBuildFile; fileRef = F60BE802234C7FD000B848D0 /* UIViewTapping.swift */; };
		F60BE832234C7FD000B848D0 /* DealocateLocator.swift in Sources */ = {isa = PBXBuildFile; fileRef = F60BE803234C7FD000B848D0 /* DealocateLocator.swift */; };
		F60BE833234C7FD000B848D0 /* CustomObserver.swift in Sources */ = {isa = PBXBuildFile; fileRef = F60BE804234C7FD000B848D0 /* CustomObserver.swift */; };
		F60BE834234C7FD000B848D0 /* AttributedStringExtension.swift in Sources */ = {isa = PBXBuildFile; fileRef = F60BE805234C7FD000B848D0 /* AttributedStringExtension.swift */; };
		F60BE835234C7FD000B848D0 /* BaseTypes.swift in Sources */ = {isa = PBXBuildFile; fileRef = F60BE806234C7FD000B848D0 /* BaseTypes.swift */; };
		F60BE836234C7FD000B848D0 /* UICollectionViewExtensions.swift in Sources */ = {isa = PBXBuildFile; fileRef = F60BE808234C7FD000B848D0 /* UICollectionViewExtensions.swift */; };
		F60BE837234C7FD000B848D0 /* UIImageView+Kingfisher.swift in Sources */ = {isa = PBXBuildFile; fileRef = F60BE80A234C7FD000B848D0 /* UIImageView+Kingfisher.swift */; };
		F60BE838234C7FD000B848D0 /* Constraints+Extensions.swift in Sources */ = {isa = PBXBuildFile; fileRef = F60BE80B234C7FD000B848D0 /* Constraints+Extensions.swift */; };
		F60BE839234C7FD000B848D0 /* UIStoryboardIdentifiable.swift in Sources */ = {isa = PBXBuildFile; fileRef = F60BE80D234C7FD000B848D0 /* UIStoryboardIdentifiable.swift */; };
		F60BE83A234C7FD000B848D0 /* UIViewController+ChildViewController.swift in Sources */ = {isa = PBXBuildFile; fileRef = F60BE80E234C7FD000B848D0 /* UIViewController+ChildViewController.swift */; };
		F60BE83B234C7FD000B848D0 /* UIViewController+Common.swift in Sources */ = {isa = PBXBuildFile; fileRef = F60BE80F234C7FD000B848D0 /* UIViewController+Common.swift */; };
		F60BE83C234C7FD000B848D0 /* UINavigationController+Common.swift in Sources */ = {isa = PBXBuildFile; fileRef = F60BE811234C7FD000B848D0 /* UINavigationController+Common.swift */; };
		F60BE83D234C7FD000B848D0 /* UITableViewExtensions.swift in Sources */ = {isa = PBXBuildFile; fileRef = F60BE813234C7FD000B848D0 /* UITableViewExtensions.swift */; };
		F60BE83E234C7FD000B848D0 /* UITableView+Common.swift in Sources */ = {isa = PBXBuildFile; fileRef = F60BE814234C7FD000B848D0 /* UITableView+Common.swift */; };
		F60BE83F234C7FD000B848D0 /* Optional+Extensions.swift in Sources */ = {isa = PBXBuildFile; fileRef = F60BE815234C7FD000B848D0 /* Optional+Extensions.swift */; };
		F60BE840234C7FD000B848D0 /* Date+Extensions.swift in Sources */ = {isa = PBXBuildFile; fileRef = F60BE816234C7FD000B848D0 /* Date+Extensions.swift */; };
		F60BE841234C7FD000B848D0 /* Double+Extensions.swift in Sources */ = {isa = PBXBuildFile; fileRef = F60BE817234C7FD000B848D0 /* Double+Extensions.swift */; };
		F60BE842234C7FD000B848D0 /* UIEdgeInsets+Initializations.swift in Sources */ = {isa = PBXBuildFile; fileRef = F60BE819234C7FD000B848D0 /* UIEdgeInsets+Initializations.swift */; };
		F60BE843234C7FD000B848D0 /* Error+Extensions.swift in Sources */ = {isa = PBXBuildFile; fileRef = F60BE81A234C7FD000B848D0 /* Error+Extensions.swift */; };
		F60BE844234C7FD000B848D0 /* UITextField+Common.swift in Sources */ = {isa = PBXBuildFile; fileRef = F60BE81C234C7FD000B848D0 /* UITextField+Common.swift */; };
		F60BE845234C7FD000B848D0 /* CGFloat+Extension.swift in Sources */ = {isa = PBXBuildFile; fileRef = F60BE81D234C7FD000B848D0 /* CGFloat+Extension.swift */; };
		F60BE846234C7FD000B848D0 /* readJSON.swift in Sources */ = {isa = PBXBuildFile; fileRef = F60BE81E234C7FD000B848D0 /* readJSON.swift */; };
		F646E41423488FA000C5F77A /* AppDelegate.swift in Sources */ = {isa = PBXBuildFile; fileRef = F646E41323488FA000C5F77A /* AppDelegate.swift */; };
		F646E41623488FA000C5F77A /* SceneDelegate.swift in Sources */ = {isa = PBXBuildFile; fileRef = F646E41523488FA000C5F77A /* SceneDelegate.swift */; };
		F646E41D23488FA100C5F77A /* Assets.xcassets in Resources */ = {isa = PBXBuildFile; fileRef = F646E41C23488FA100C5F77A /* Assets.xcassets */; };
		F646E42023488FA100C5F77A /* LaunchScreen.storyboard in Resources */ = {isa = PBXBuildFile; fileRef = F646E41E23488FA100C5F77A /* LaunchScreen.storyboard */; };
		F646E4B42348B61B00C5F77A /* InterestsViewModel.swift in Sources */ = {isa = PBXBuildFile; fileRef = F646E4B32348B61B00C5F77A /* InterestsViewModel.swift */; };
		F646E4B72348B66300C5F77A /* InterestsAssembler.swift in Sources */ = {isa = PBXBuildFile; fileRef = F646E4B62348B66300C5F77A /* InterestsAssembler.swift */; };
		F646E4BA234925E500C5F77A /* InterestCell.swift in Sources */ = {isa = PBXBuildFile; fileRef = F646E4B8234925E500C5F77A /* InterestCell.swift */; };
		F646E4BB234925E500C5F77A /* InterestCell.xib in Resources */ = {isa = PBXBuildFile; fileRef = F646E4B9234925E500C5F77A /* InterestCell.xib */; };
		F646E4C72349346500C5F77A /* DataLayer.h in Headers */ = {isa = PBXBuildFile; fileRef = F646E4C52349346500C5F77A /* DataLayer.h */; settings = {ATTRIBUTES = (Public, ); }; };
		F646E4CA2349346500C5F77A /* DataLayer.framework in Frameworks */ = {isa = PBXBuildFile; fileRef = F646E4C32349346500C5F77A /* DataLayer.framework */; };
		F646E4CB2349346500C5F77A /* DataLayer.framework in Embed Frameworks */ = {isa = PBXBuildFile; fileRef = F646E4C32349346500C5F77A /* DataLayer.framework */; settings = {ATTRIBUTES = (CodeSignOnCopy, RemoveHeadersOnCopy, ); }; };
		F646E4CF234934C400C5F77A /* PersistenceProviderInterface.swift in Sources */ = {isa = PBXBuildFile; fileRef = EC76DC88915F0C7206518815 /* PersistenceProviderInterface.swift */; };
		F646E4D0234934CA00C5F77A /* CoreDataStack.swift in Sources */ = {isa = PBXBuildFile; fileRef = EC76D360B3F71DF62A90CD56 /* CoreDataStack.swift */; };
		F646E4D823493D2800C5F77A /* Model.xcdatamodeld in Sources */ = {isa = PBXBuildFile; fileRef = F646E4D623493D2800C5F77A /* Model.xcdatamodeld */; };
		F646E4DA23493E3D00C5F77A /* InterestItem.swift in Sources */ = {isa = PBXBuildFile; fileRef = F646E4D923493E3D00C5F77A /* InterestItem.swift */; };
/* End PBXBuildFile section */

/* Begin PBXContainerItemProxy section */
		F60BE7E4234C7FB500B848D0 /* PBXContainerItemProxy */ = {
			isa = PBXContainerItemProxy;
			containerPortal = F646E40823488FA000C5F77A /* Project object */;
			proxyType = 1;
			remoteGlobalIDString = F60BE7DE234C7FB500B848D0;
			remoteInfo = Utils;
		};
		F646E4C82349346500C5F77A /* PBXContainerItemProxy */ = {
			isa = PBXContainerItemProxy;
			containerPortal = F646E40823488FA000C5F77A /* Project object */;
			proxyType = 1;
			remoteGlobalIDString = F646E4C22349346500C5F77A;
			remoteInfo = DataLayer;
		};
/* End PBXContainerItemProxy section */

/* Begin PBXCopyFilesBuildPhase section */
		F646E4B22348B50500C5F77A /* Embed Frameworks */ = {
			isa = PBXCopyFilesBuildPhase;
			buildActionMask = 2147483647;
			dstPath = "";
			dstSubfolderSpec = 10;
			files = (
				F60BE7E7234C7FB500B848D0 /* Utils.framework in Embed Frameworks */,
				F646E4CB2349346500C5F77A /* DataLayer.framework in Embed Frameworks */,
			);
			name = "Embed Frameworks";
			runOnlyForDeploymentPostprocessing = 0;
		};
/* End PBXCopyFilesBuildPhase section */

/* Begin PBXFileReference section */
		25B95393F3750DD56299FA04 /* Pods_MVVMTest.framework */ = {isa = PBXFileReference; explicitFileType = wrapper.framework; includeInIndex = 0; path = Pods_MVVMTest.framework; sourceTree = BUILT_PRODUCTS_DIR; };
		330AA6BE25DFD853004F7F5B /* InterestsView.swift */ = {isa = PBXFileReference; lastKnownFileType = sourcecode.swift; path = InterestsView.swift; sourceTree = "<group>"; };
		330AA6D025DFE25B004F7F5B /* LoginView.swift */ = {isa = PBXFileReference; lastKnownFileType = sourcecode.swift; path = LoginView.swift; sourceTree = "<group>"; };
		330AA6D625DFEBA2004F7F5B /* Router.swift */ = {isa = PBXFileReference; lastKnownFileType = sourcecode.swift; path = Router.swift; sourceTree = "<group>"; };
		4FFEAE43C6E28FEB07116E43 /* Pods-MVVMTest.release.xcconfig */ = {isa = PBXFileReference; includeInIndex = 1; lastKnownFileType = text.xcconfig; name = "Pods-MVVMTest.release.xcconfig"; path = "Target Support Files/Pods-MVVMTest/Pods-MVVMTest.release.xcconfig"; sourceTree = "<group>"; };
		9B93F643E314D48631137B5D /* Pods-DataLayer.debug.xcconfig */ = {isa = PBXFileReference; includeInIndex = 1; lastKnownFileType = text.xcconfig; name = "Pods-DataLayer.debug.xcconfig"; path = "Target Support Files/Pods-DataLayer/Pods-DataLayer.debug.xcconfig"; sourceTree = "<group>"; };
		9E524425CF60655C4BA7F857 /* Pods-DataLayer.release.xcconfig */ = {isa = PBXFileReference; includeInIndex = 1; lastKnownFileType = text.xcconfig; name = "Pods-DataLayer.release.xcconfig"; path = "Target Support Files/Pods-DataLayer/Pods-DataLayer.release.xcconfig"; sourceTree = "<group>"; };
		AE8F2BFD777DB78C0012DF03 /* Pods-MVVMTest.debug.xcconfig */ = {isa = PBXFileReference; includeInIndex = 1; lastKnownFileType = text.xcconfig; name = "Pods-MVVMTest.debug.xcconfig"; path = "Target Support Files/Pods-MVVMTest/Pods-MVVMTest.debug.xcconfig"; sourceTree = "<group>"; };
		BCFBD7EECC3DDE5EE4DD815B /* Pods_Utils.framework */ = {isa = PBXFileReference; explicitFileType = wrapper.framework; includeInIndex = 0; path = Pods_Utils.framework; sourceTree = BUILT_PRODUCTS_DIR; };
		C17AD0968E57F32CAC18CDBD /* Pods-Utils.debug.xcconfig */ = {isa = PBXFileReference; includeInIndex = 1; lastKnownFileType = text.xcconfig; name = "Pods-Utils.debug.xcconfig"; path = "Target Support Files/Pods-Utils/Pods-Utils.debug.xcconfig"; sourceTree = "<group>"; };
		E0BA44DD78EB3A0F6CEE1CD3 /* Pods-Utils.release.xcconfig */ = {isa = PBXFileReference; includeInIndex = 1; lastKnownFileType = text.xcconfig; name = "Pods-Utils.release.xcconfig"; path = "Target Support Files/Pods-Utils/Pods-Utils.release.xcconfig"; sourceTree = "<group>"; };
		EC76D2487C9933D8396A8168 /* LoginViewController.swift */ = {isa = PBXFileReference; fileEncoding = 4; lastKnownFileType = sourcecode.swift; path = LoginViewController.swift; sourceTree = "<group>"; };
		EC76D360B3F71DF62A90CD56 /* CoreDataStack.swift */ = {isa = PBXFileReference; fileEncoding = 4; lastKnownFileType = sourcecode.swift; path = CoreDataStack.swift; sourceTree = "<group>"; };
		EC76D45B5F63DBB39DDCDB5D /* AppCoordinator.swift */ = {isa = PBXFileReference; fileEncoding = 4; lastKnownFileType = sourcecode.swift; path = AppCoordinator.swift; sourceTree = "<group>"; };
		EC76D4AA7832614C6D340493 /* InterestsViewController.swift */ = {isa = PBXFileReference; fileEncoding = 4; lastKnownFileType = sourcecode.swift; path = InterestsViewController.swift; sourceTree = "<group>"; };
		EC76D5DD09ABAB222037E6B9 /* PersistenceProvider.swift */ = {isa = PBXFileReference; fileEncoding = 4; lastKnownFileType = sourcecode.swift; path = PersistenceProvider.swift; sourceTree = "<group>"; };
		EC76D766EBED4DF41257DF78 /* Colors.swift */ = {isa = PBXFileReference; fileEncoding = 4; lastKnownFileType = sourcecode.swift; path = Colors.swift; sourceTree = "<group>"; };
		EC76DAB056D97F4D25A7568A /* LoginViewModel.swift */ = {isa = PBXFileReference; fileEncoding = 4; lastKnownFileType = sourcecode.swift; path = LoginViewModel.swift; sourceTree = "<group>"; };
		EC76DC7D9E40284CE4ABDDF2 /* CollectionHelper.swift */ = {isa = PBXFileReference; fileEncoding = 4; lastKnownFileType = sourcecode.swift; path = CollectionHelper.swift; sourceTree = "<group>"; };
		EC76DC88915F0C7206518815 /* PersistenceProviderInterface.swift */ = {isa = PBXFileReference; fileEncoding = 4; lastKnownFileType = sourcecode.swift; path = PersistenceProviderInterface.swift; sourceTree = "<group>"; };
		EC76DDE0610EFE3DDB85C434 /* LoginAssembler.swift */ = {isa = PBXFileReference; fileEncoding = 4; lastKnownFileType = sourcecode.swift; path = LoginAssembler.swift; sourceTree = "<group>"; };
		EC76DEB64D927A8422464120 /* DataProviderFactory.swift */ = {isa = PBXFileReference; fileEncoding = 4; lastKnownFileType = sourcecode.swift; path = DataProviderFactory.swift; sourceTree = "<group>"; };
		F60BE7DF234C7FB500B848D0 /* Utils.framework */ = {isa = PBXFileReference; explicitFileType = wrapper.framework; includeInIndex = 0; path = Utils.framework; sourceTree = BUILT_PRODUCTS_DIR; };
		F60BE7E1234C7FB500B848D0 /* Utils.h */ = {isa = PBXFileReference; lastKnownFileType = sourcecode.c.h; path = Utils.h; sourceTree = "<group>"; };
		F60BE7E2234C7FB500B848D0 /* Info.plist */ = {isa = PBXFileReference; lastKnownFileType = text.plist.xml; path = Info.plist; sourceTree = "<group>"; };
		F60BE7EB234C7FD000B848D0 /* ModuleType.swift */ = {isa = PBXFileReference; fileEncoding = 4; lastKnownFileType = sourcecode.swift; path = ModuleType.swift; sourceTree = "<group>"; };
		F60BE7EC234C7FD000B848D0 /* UserDefaults+Common.swift */ = {isa = PBXFileReference; fileEncoding = 4; lastKnownFileType = sourcecode.swift; path = "UserDefaults+Common.swift"; sourceTree = "<group>"; };
		F60BE7ED234C7FD000B848D0 /* CountingLabel.swift */ = {isa = PBXFileReference; fileEncoding = 4; lastKnownFileType = sourcecode.swift; path = CountingLabel.swift; sourceTree = "<group>"; };
		F60BE7EE234C7FD000B848D0 /* UILinkableLabel.swift */ = {isa = PBXFileReference; fileEncoding = 4; lastKnownFileType = sourcecode.swift; path = UILinkableLabel.swift; sourceTree = "<group>"; };
		F60BE7F0234C7FD000B848D0 /* Int+Extensions.swift */ = {isa = PBXFileReference; fileEncoding = 4; lastKnownFileType = sourcecode.swift; path = "Int+Extensions.swift"; sourceTree = "<group>"; };
		F60BE7F1234C7FD000B848D0 /* Timing.swift */ = {isa = PBXFileReference; fileEncoding = 4; lastKnownFileType = sourcecode.swift; path = Timing.swift; sourceTree = "<group>"; };
		F60BE7F2234C7FD000B848D0 /* UIImageView+Extensions.swift */ = {isa = PBXFileReference; fileEncoding = 4; lastKnownFileType = sourcecode.swift; path = "UIImageView+Extensions.swift"; sourceTree = "<group>"; };
		F60BE7F4234C7FD000B848D0 /* UIApplication+KVC.swift */ = {isa = PBXFileReference; fileEncoding = 4; lastKnownFileType = sourcecode.swift; path = "UIApplication+KVC.swift"; sourceTree = "<group>"; };
		F60BE7F6234C7FD000B848D0 /* UIColor+Common.swift */ = {isa = PBXFileReference; fileEncoding = 4; lastKnownFileType = sourcecode.swift; path = "UIColor+Common.swift"; sourceTree = "<group>"; };
		F60BE7F8234C7FD000B848D0 /* UIAlertController+Common.swift */ = {isa = PBXFileReference; fileEncoding = 4; lastKnownFileType = sourcecode.swift; path = "UIAlertController+Common.swift"; sourceTree = "<group>"; };
		F60BE7F9234C7FD000B848D0 /* UIAlertAction+KVC.swift */ = {isa = PBXFileReference; fileEncoding = 4; lastKnownFileType = sourcecode.swift; path = "UIAlertAction+KVC.swift"; sourceTree = "<group>"; };
		F60BE7FA234C7FD000B848D0 /* Strings+Extensions.swift */ = {isa = PBXFileReference; fileEncoding = 4; lastKnownFileType = sourcecode.swift; path = "Strings+Extensions.swift"; sourceTree = "<group>"; };
		F60BE7FC234C7FD000B848D0 /* View+BlurExtension.swift */ = {isa = PBXFileReference; fileEncoding = 4; lastKnownFileType = sourcecode.swift; path = "View+BlurExtension.swift"; sourceTree = "<group>"; };
		F60BE7FD234C7FD000B848D0 /* UIView+Visible.swift */ = {isa = PBXFileReference; fileEncoding = 4; lastKnownFileType = sourcecode.swift; path = "UIView+Visible.swift"; sourceTree = "<group>"; };
		F60BE7FE234C7FD000B848D0 /* UIView+Animations.swift */ = {isa = PBXFileReference; fileEncoding = 4; lastKnownFileType = sourcecode.swift; path = "UIView+Animations.swift"; sourceTree = "<group>"; };
		F60BE7FF234C7FD000B848D0 /* UIView+Gradient.swift */ = {isa = PBXFileReference; fileEncoding = 4; lastKnownFileType = sourcecode.swift; path = "UIView+Gradient.swift"; sourceTree = "<group>"; };
		F60BE800234C7FD000B848D0 /* UIView+Visibility-IhorNur.swift */ = {isa = PBXFileReference; fileEncoding = 4; lastKnownFileType = sourcecode.swift; path = "UIView+Visibility-IhorNur.swift"; sourceTree = "<group>"; };
		F60BE801234C7FD000B848D0 /* UIView+NibLoadExtensions.swift */ = {isa = PBXFileReference; fileEncoding = 4; lastKnownFileType = sourcecode.swift; path = "UIView+NibLoadExtensions.swift"; sourceTree = "<group>"; };
		F60BE802234C7FD000B848D0 /* UIViewTapping.swift */ = {isa = PBXFileReference; fileEncoding = 4; lastKnownFileType = sourcecode.swift; path = UIViewTapping.swift; sourceTree = "<group>"; };
		F60BE803234C7FD000B848D0 /* DealocateLocator.swift */ = {isa = PBXFileReference; fileEncoding = 4; lastKnownFileType = sourcecode.swift; path = DealocateLocator.swift; sourceTree = "<group>"; };
		F60BE804234C7FD000B848D0 /* CustomObserver.swift */ = {isa = PBXFileReference; fileEncoding = 4; lastKnownFileType = sourcecode.swift; path = CustomObserver.swift; sourceTree = "<group>"; };
		F60BE805234C7FD000B848D0 /* AttributedStringExtension.swift */ = {isa = PBXFileReference; fileEncoding = 4; lastKnownFileType = sourcecode.swift; path = AttributedStringExtension.swift; sourceTree = "<group>"; };
		F60BE806234C7FD000B848D0 /* BaseTypes.swift */ = {isa = PBXFileReference; fileEncoding = 4; lastKnownFileType = sourcecode.swift; path = BaseTypes.swift; sourceTree = "<group>"; };
		F60BE808234C7FD000B848D0 /* UICollectionViewExtensions.swift */ = {isa = PBXFileReference; fileEncoding = 4; lastKnownFileType = sourcecode.swift; path = UICollectionViewExtensions.swift; sourceTree = "<group>"; };
		F60BE80A234C7FD000B848D0 /* UIImageView+Kingfisher.swift */ = {isa = PBXFileReference; fileEncoding = 4; lastKnownFileType = sourcecode.swift; path = "UIImageView+Kingfisher.swift"; sourceTree = "<group>"; };
		F60BE80B234C7FD000B848D0 /* Constraints+Extensions.swift */ = {isa = PBXFileReference; fileEncoding = 4; lastKnownFileType = sourcecode.swift; path = "Constraints+Extensions.swift"; sourceTree = "<group>"; };
		F60BE80D234C7FD000B848D0 /* UIStoryboardIdentifiable.swift */ = {isa = PBXFileReference; fileEncoding = 4; lastKnownFileType = sourcecode.swift; path = UIStoryboardIdentifiable.swift; sourceTree = "<group>"; };
		F60BE80E234C7FD000B848D0 /* UIViewController+ChildViewController.swift */ = {isa = PBXFileReference; fileEncoding = 4; lastKnownFileType = sourcecode.swift; path = "UIViewController+ChildViewController.swift"; sourceTree = "<group>"; };
		F60BE80F234C7FD000B848D0 /* UIViewController+Common.swift */ = {isa = PBXFileReference; fileEncoding = 4; lastKnownFileType = sourcecode.swift; path = "UIViewController+Common.swift"; sourceTree = "<group>"; };
		F60BE811234C7FD000B848D0 /* UINavigationController+Common.swift */ = {isa = PBXFileReference; fileEncoding = 4; lastKnownFileType = sourcecode.swift; path = "UINavigationController+Common.swift"; sourceTree = "<group>"; };
		F60BE813234C7FD000B848D0 /* UITableViewExtensions.swift */ = {isa = PBXFileReference; fileEncoding = 4; lastKnownFileType = sourcecode.swift; path = UITableViewExtensions.swift; sourceTree = "<group>"; };
		F60BE814234C7FD000B848D0 /* UITableView+Common.swift */ = {isa = PBXFileReference; fileEncoding = 4; lastKnownFileType = sourcecode.swift; path = "UITableView+Common.swift"; sourceTree = "<group>"; };
		F60BE815234C7FD000B848D0 /* Optional+Extensions.swift */ = {isa = PBXFileReference; fileEncoding = 4; lastKnownFileType = sourcecode.swift; path = "Optional+Extensions.swift"; sourceTree = "<group>"; };
		F60BE816234C7FD000B848D0 /* Date+Extensions.swift */ = {isa = PBXFileReference; fileEncoding = 4; lastKnownFileType = sourcecode.swift; path = "Date+Extensions.swift"; sourceTree = "<group>"; };
		F60BE817234C7FD000B848D0 /* Double+Extensions.swift */ = {isa = PBXFileReference; fileEncoding = 4; lastKnownFileType = sourcecode.swift; path = "Double+Extensions.swift"; sourceTree = "<group>"; };
		F60BE819234C7FD000B848D0 /* UIEdgeInsets+Initializations.swift */ = {isa = PBXFileReference; fileEncoding = 4; lastKnownFileType = sourcecode.swift; path = "UIEdgeInsets+Initializations.swift"; sourceTree = "<group>"; };
		F60BE81A234C7FD000B848D0 /* Error+Extensions.swift */ = {isa = PBXFileReference; fileEncoding = 4; lastKnownFileType = sourcecode.swift; path = "Error+Extensions.swift"; sourceTree = "<group>"; };
		F60BE81C234C7FD000B848D0 /* UITextField+Common.swift */ = {isa = PBXFileReference; fileEncoding = 4; lastKnownFileType = sourcecode.swift; path = "UITextField+Common.swift"; sourceTree = "<group>"; };
		F60BE81D234C7FD000B848D0 /* CGFloat+Extension.swift */ = {isa = PBXFileReference; fileEncoding = 4; lastKnownFileType = sourcecode.swift; path = "CGFloat+Extension.swift"; sourceTree = "<group>"; };
		F60BE81E234C7FD000B848D0 /* readJSON.swift */ = {isa = PBXFileReference; fileEncoding = 4; lastKnownFileType = sourcecode.swift; path = readJSON.swift; sourceTree = "<group>"; };
		F646E41023488FA000C5F77A /* MVVMTest.app */ = {isa = PBXFileReference; explicitFileType = wrapper.application; includeInIndex = 0; path = MVVMTest.app; sourceTree = BUILT_PRODUCTS_DIR; };
		F646E41323488FA000C5F77A /* AppDelegate.swift */ = {isa = PBXFileReference; lastKnownFileType = sourcecode.swift; path = AppDelegate.swift; sourceTree = "<group>"; };
		F646E41523488FA000C5F77A /* SceneDelegate.swift */ = {isa = PBXFileReference; lastKnownFileType = sourcecode.swift; path = SceneDelegate.swift; sourceTree = "<group>"; };
		F646E41C23488FA100C5F77A /* Assets.xcassets */ = {isa = PBXFileReference; lastKnownFileType = folder.assetcatalog; path = Assets.xcassets; sourceTree = "<group>"; };
		F646E41F23488FA100C5F77A /* Base */ = {isa = PBXFileReference; lastKnownFileType = file.storyboard; name = Base; path = Base.lproj/LaunchScreen.storyboard; sourceTree = "<group>"; };
		F646E42123488FA100C5F77A /* Info.plist */ = {isa = PBXFileReference; lastKnownFileType = text.plist.xml; path = Info.plist; sourceTree = "<group>"; };
		F646E4B32348B61B00C5F77A /* InterestsViewModel.swift */ = {isa = PBXFileReference; lastKnownFileType = sourcecode.swift; path = InterestsViewModel.swift; sourceTree = "<group>"; };
		F646E4B62348B66300C5F77A /* InterestsAssembler.swift */ = {isa = PBXFileReference; lastKnownFileType = sourcecode.swift; path = InterestsAssembler.swift; sourceTree = "<group>"; };
		F646E4B8234925E500C5F77A /* InterestCell.swift */ = {isa = PBXFileReference; lastKnownFileType = sourcecode.swift; path = InterestCell.swift; sourceTree = "<group>"; };
		F646E4B9234925E500C5F77A /* InterestCell.xib */ = {isa = PBXFileReference; lastKnownFileType = file.xib; path = InterestCell.xib; sourceTree = "<group>"; };
		F646E4C32349346500C5F77A /* DataLayer.framework */ = {isa = PBXFileReference; explicitFileType = wrapper.framework; includeInIndex = 0; path = DataLayer.framework; sourceTree = BUILT_PRODUCTS_DIR; };
		F646E4C52349346500C5F77A /* DataLayer.h */ = {isa = PBXFileReference; lastKnownFileType = sourcecode.c.h; path = DataLayer.h; sourceTree = "<group>"; };
		F646E4C62349346500C5F77A /* Info.plist */ = {isa = PBXFileReference; lastKnownFileType = text.plist.xml; path = Info.plist; sourceTree = "<group>"; };
		F646E4D723493D2800C5F77A /* Model.xcdatamodel */ = {isa = PBXFileReference; lastKnownFileType = wrapper.xcdatamodel; path = Model.xcdatamodel; sourceTree = "<group>"; };
		F646E4D923493E3D00C5F77A /* InterestItem.swift */ = {isa = PBXFileReference; lastKnownFileType = sourcecode.swift; path = InterestItem.swift; sourceTree = "<group>"; };
		FBE9E9B82118EE0FDAABF893 /* Pods_DataLayer.framework */ = {isa = PBXFileReference; explicitFileType = wrapper.framework; includeInIndex = 0; path = Pods_DataLayer.framework; sourceTree = BUILT_PRODUCTS_DIR; };
/* End PBXFileReference section */

/* Begin PBXFrameworksBuildPhase section */
		F60BE7DC234C7FB500B848D0 /* Frameworks */ = {
			isa = PBXFrameworksBuildPhase;
			buildActionMask = 2147483647;
			files = (
				C6C4AF42C7DFCED9A18F9ECF /* Pods_Utils.framework in Frameworks */,
			);
			runOnlyForDeploymentPostprocessing = 0;
		};
		F646E40D23488FA000C5F77A /* Frameworks */ = {
			isa = PBXFrameworksBuildPhase;
			buildActionMask = 2147483647;
			files = (
				F646E4CA2349346500C5F77A /* DataLayer.framework in Frameworks */,
				F60BE7E6234C7FB500B848D0 /* Utils.framework in Frameworks */,
				B46DBD18E5B44A230749AF8F /* Pods_MVVMTest.framework in Frameworks */,
			);
			runOnlyForDeploymentPostprocessing = 0;
		};
		F646E4C02349346500C5F77A /* Frameworks */ = {
			isa = PBXFrameworksBuildPhase;
			buildActionMask = 2147483647;
			files = (
				871484007B7C0CF2D734FF3B /* Pods_DataLayer.framework in Frameworks */,
			);
			runOnlyForDeploymentPostprocessing = 0;
		};
/* End PBXFrameworksBuildPhase section */

/* Begin PBXGroup section */
		33036C4825DFCED9008562A3 /* SupportedFiles */ = {
			isa = PBXGroup;
			children = (
				F646E41323488FA000C5F77A /* AppDelegate.swift */,
				F646E41523488FA000C5F77A /* SceneDelegate.swift */,
				F646E41C23488FA100C5F77A /* Assets.xcassets */,
				F646E41E23488FA100C5F77A /* LaunchScreen.storyboard */,
				F646E42123488FA100C5F77A /* Info.plist */,
			);
			path = SupportedFiles;
			sourceTree = "<group>";
		};
		330AA6C225DFE18E004F7F5B /* View */ = {
			isa = PBXGroup;
			children = (
				F646E4DB23493E8200C5F77A /* ViewItems */,
				F646E4BC234925EC00C5F77A /* InterestCell */,
				EC76DC7D9E40284CE4ABDDF2 /* CollectionHelper.swift */,
				EC76D4AA7832614C6D340493 /* InterestsViewController.swift */,
				330AA6BE25DFD853004F7F5B /* InterestsView.swift */,
			);
			path = View;
			sourceTree = "<group>";
		};
		330AA6C325DFE19D004F7F5B /* ViewModel */ = {
			isa = PBXGroup;
			children = (
				F646E4B32348B61B00C5F77A /* InterestsViewModel.swift */,
			);
			path = ViewModel;
			sourceTree = "<group>";
		};
		330AA6C625DFE1B7004F7F5B /* ViewModel */ = {
			isa = PBXGroup;
			children = (
				EC76DAB056D97F4D25A7568A /* LoginViewModel.swift */,
			);
			path = ViewModel;
			sourceTree = "<group>";
		};
		330AA6C725DFE1BF004F7F5B /* View */ = {
			isa = PBXGroup;
			children = (
				EC76D2487C9933D8396A8168 /* LoginViewController.swift */,
				330AA6D025DFE25B004F7F5B /* LoginView.swift */,
			);
			path = View;
			sourceTree = "<group>";
		};
		330AA6CA25DFE21D004F7F5B /* Assembler */ = {
			isa = PBXGroup;
			children = (
				F646E4B62348B66300C5F77A /* InterestsAssembler.swift */,
			);
			path = Assembler;
			sourceTree = "<group>";
		};
		330AA6CD25DFE225004F7F5B /* Assembler */ = {
			isa = PBXGroup;
			children = (
				EC76DDE0610EFE3DDB85C434 /* LoginAssembler.swift */,
			);
			path = Assembler;
			sourceTree = "<group>";
		};
		B42B080C9D3DB3148E11EBF6 /* Pods */ = {
			isa = PBXGroup;
			children = (
				9B93F643E314D48631137B5D /* Pods-DataLayer.debug.xcconfig */,
				9E524425CF60655C4BA7F857 /* Pods-DataLayer.release.xcconfig */,
				AE8F2BFD777DB78C0012DF03 /* Pods-MVVMTest.debug.xcconfig */,
				4FFEAE43C6E28FEB07116E43 /* Pods-MVVMTest.release.xcconfig */,
				C17AD0968E57F32CAC18CDBD /* Pods-Utils.debug.xcconfig */,
				E0BA44DD78EB3A0F6CEE1CD3 /* Pods-Utils.release.xcconfig */,
			);
			path = Pods;
			sourceTree = "<group>";
		};
		EC76D099C26BEDB09C02CDBD /* Modules */ = {
			isa = PBXGroup;
			children = (
				F646E4B52348B62900C5F77A /* Interests */,
				EC76D29252936B4F8E6B8252 /* Login */,
			);
			path = Modules;
			sourceTree = "<group>";
		};
		EC76D29252936B4F8E6B8252 /* Login */ = {
			isa = PBXGroup;
			children = (
				330AA6C625DFE1B7004F7F5B /* ViewModel */,
				330AA6C725DFE1BF004F7F5B /* View */,
				330AA6CD25DFE225004F7F5B /* Assembler */,
			);
			path = Login;
			sourceTree = "<group>";
		};
		EC76DFCD923A05C53C17B1B6 /* Flow */ = {
			isa = PBXGroup;
			children = (
				EC76D45B5F63DBB39DDCDB5D /* AppCoordinator.swift */,
				330AA6D625DFEBA2004F7F5B /* Router.swift */,
			);
			path = Flow;
			sourceTree = "<group>";
		};
		F60BE7E0234C7FB500B848D0 /* Utils */ = {
			isa = PBXGroup;
			children = (
				F60BE7ED234C7FD000B848D0 /* CountingLabel.swift */,
				F60BE7EF234C7FD000B848D0 /* Extensions */,
				F60BE7EB234C7FD000B848D0 /* ModuleType.swift */,
				F60BE81E234C7FD000B848D0 /* readJSON.swift */,
				F60BE7EE234C7FD000B848D0 /* UILinkableLabel.swift */,
				F60BE7EC234C7FD000B848D0 /* UserDefaults+Common.swift */,
				F60BE7E1234C7FB500B848D0 /* Utils.h */,
				F60BE7E2234C7FB500B848D0 /* Info.plist */,
			);
			path = Utils;
			sourceTree = "<group>";
		};
		F60BE7EF234C7FD000B848D0 /* Extensions */ = {
			isa = PBXGroup;
			children = (
				F60BE7F0234C7FD000B848D0 /* Int+Extensions.swift */,
				F60BE7F1234C7FD000B848D0 /* Timing.swift */,
				F60BE7F2234C7FD000B848D0 /* UIImageView+Extensions.swift */,
				F60BE7F3234C7FD000B848D0 /* UIApplication */,
				F60BE7F5234C7FD000B848D0 /* UIColor */,
				F60BE7F7234C7FD000B848D0 /* UIAlertController */,
				F60BE7FA234C7FD000B848D0 /* Strings+Extensions.swift */,
				F60BE7FB234C7FD000B848D0 /* UIView */,
				F60BE803234C7FD000B848D0 /* DealocateLocator.swift */,
				F60BE804234C7FD000B848D0 /* CustomObserver.swift */,
				F60BE805234C7FD000B848D0 /* AttributedStringExtension.swift */,
				F60BE806234C7FD000B848D0 /* BaseTypes.swift */,
				F60BE807234C7FD000B848D0 /* UICollectionView */,
				F60BE809234C7FD000B848D0 /* UIImageView */,
				F60BE80B234C7FD000B848D0 /* Constraints+Extensions.swift */,
				F60BE80C234C7FD000B848D0 /* UIViewController */,
				F60BE810234C7FD000B848D0 /* UINavigationController */,
				F60BE812234C7FD000B848D0 /* UITableView */,
				F60BE815234C7FD000B848D0 /* Optional+Extensions.swift */,
				F60BE816234C7FD000B848D0 /* Date+Extensions.swift */,
				F60BE817234C7FD000B848D0 /* Double+Extensions.swift */,
				F60BE818234C7FD000B848D0 /* UIEdgeInsets */,
				F60BE81A234C7FD000B848D0 /* Error+Extensions.swift */,
				F60BE81B234C7FD000B848D0 /* UITextField */,
				F60BE81D234C7FD000B848D0 /* CGFloat+Extension.swift */,
			);
			path = Extensions;
			sourceTree = "<group>";
		};
		F60BE7F3234C7FD000B848D0 /* UIApplication */ = {
			isa = PBXGroup;
			children = (
				F60BE7F4234C7FD000B848D0 /* UIApplication+KVC.swift */,
			);
			path = UIApplication;
			sourceTree = "<group>";
		};
		F60BE7F5234C7FD000B848D0 /* UIColor */ = {
			isa = PBXGroup;
			children = (
				F60BE7F6234C7FD000B848D0 /* UIColor+Common.swift */,
			);
			path = UIColor;
			sourceTree = "<group>";
		};
		F60BE7F7234C7FD000B848D0 /* UIAlertController */ = {
			isa = PBXGroup;
			children = (
				F60BE7F8234C7FD000B848D0 /* UIAlertController+Common.swift */,
				F60BE7F9234C7FD000B848D0 /* UIAlertAction+KVC.swift */,
			);
			path = UIAlertController;
			sourceTree = "<group>";
		};
		F60BE7FB234C7FD000B848D0 /* UIView */ = {
			isa = PBXGroup;
			children = (
				F60BE7FC234C7FD000B848D0 /* View+BlurExtension.swift */,
				F60BE7FD234C7FD000B848D0 /* UIView+Visible.swift */,
				F60BE7FE234C7FD000B848D0 /* UIView+Animations.swift */,
				F60BE7FF234C7FD000B848D0 /* UIView+Gradient.swift */,
				F60BE800234C7FD000B848D0 /* UIView+Visibility-IhorNur.swift */,
				F60BE801234C7FD000B848D0 /* UIView+NibLoadExtensions.swift */,
				F60BE802234C7FD000B848D0 /* UIViewTapping.swift */,
			);
			path = UIView;
			sourceTree = "<group>";
		};
		F60BE807234C7FD000B848D0 /* UICollectionView */ = {
			isa = PBXGroup;
			children = (
				F60BE808234C7FD000B848D0 /* UICollectionViewExtensions.swift */,
			);
			path = UICollectionView;
			sourceTree = "<group>";
		};
		F60BE809234C7FD000B848D0 /* UIImageView */ = {
			isa = PBXGroup;
			children = (
				F60BE80A234C7FD000B848D0 /* UIImageView+Kingfisher.swift */,
			);
			path = UIImageView;
			sourceTree = "<group>";
		};
		F60BE80C234C7FD000B848D0 /* UIViewController */ = {
			isa = PBXGroup;
			children = (
				F60BE80D234C7FD000B848D0 /* UIStoryboardIdentifiable.swift */,
				F60BE80E234C7FD000B848D0 /* UIViewController+ChildViewController.swift */,
				F60BE80F234C7FD000B848D0 /* UIViewController+Common.swift */,
			);
			path = UIViewController;
			sourceTree = "<group>";
		};
		F60BE810234C7FD000B848D0 /* UINavigationController */ = {
			isa = PBXGroup;
			children = (
				F60BE811234C7FD000B848D0 /* UINavigationController+Common.swift */,
			);
			path = UINavigationController;
			sourceTree = "<group>";
		};
		F60BE812234C7FD000B848D0 /* UITableView */ = {
			isa = PBXGroup;
			children = (
				F60BE813234C7FD000B848D0 /* UITableViewExtensions.swift */,
				F60BE814234C7FD000B848D0 /* UITableView+Common.swift */,
			);
			path = UITableView;
			sourceTree = "<group>";
		};
		F60BE818234C7FD000B848D0 /* UIEdgeInsets */ = {
			isa = PBXGroup;
			children = (
				F60BE819234C7FD000B848D0 /* UIEdgeInsets+Initializations.swift */,
			);
			path = UIEdgeInsets;
			sourceTree = "<group>";
		};
		F60BE81B234C7FD000B848D0 /* UITextField */ = {
			isa = PBXGroup;
			children = (
				F60BE81C234C7FD000B848D0 /* UITextField+Common.swift */,
			);
			path = UITextField;
			sourceTree = "<group>";
		};
		F646E40723488FA000C5F77A = {
			isa = PBXGroup;
			children = (
				F646E41223488FA000C5F77A /* MVVMTest */,
				F646E4C42349346500C5F77A /* DataLayer */,
				F60BE7E0234C7FB500B848D0 /* Utils */,
				F646E41123488FA000C5F77A /* Products */,
				F646E42D2348A8B200C5F77A /* Frameworks */,
				B42B080C9D3DB3148E11EBF6 /* Pods */,
			);
			sourceTree = "<group>";
		};
		F646E41123488FA000C5F77A /* Products */ = {
			isa = PBXGroup;
			children = (
				F646E41023488FA000C5F77A /* MVVMTest.app */,
				F646E4C32349346500C5F77A /* DataLayer.framework */,
				F60BE7DF234C7FB500B848D0 /* Utils.framework */,
			);
			name = Products;
			sourceTree = "<group>";
		};
		F646E41223488FA000C5F77A /* MVVMTest */ = {
			isa = PBXGroup;
			children = (
				33036C4825DFCED9008562A3 /* SupportedFiles */,
				EC76DFCD923A05C53C17B1B6 /* Flow */,
				EC76D099C26BEDB09C02CDBD /* Modules */,
				EC76DEB64D927A8422464120 /* DataProviderFactory.swift */,
				EC76D766EBED4DF41257DF78 /* Colors.swift */,
			);
			path = MVVMTest;
			sourceTree = "<group>";
		};
		F646E42D2348A8B200C5F77A /* Frameworks */ = {
			isa = PBXGroup;
			children = (
				FBE9E9B82118EE0FDAABF893 /* Pods_DataLayer.framework */,
				25B95393F3750DD56299FA04 /* Pods_MVVMTest.framework */,
				BCFBD7EECC3DDE5EE4DD815B /* Pods_Utils.framework */,
			);
			name = Frameworks;
			sourceTree = "<group>";
		};
		F646E4B52348B62900C5F77A /* Interests */ = {
			isa = PBXGroup;
			children = (
				330AA6C325DFE19D004F7F5B /* ViewModel */,
				330AA6C225DFE18E004F7F5B /* View */,
				330AA6CA25DFE21D004F7F5B /* Assembler */,
			);
			path = Interests;
			sourceTree = "<group>";
		};
		F646E4BC234925EC00C5F77A /* InterestCell */ = {
			isa = PBXGroup;
			children = (
				F646E4B8234925E500C5F77A /* InterestCell.swift */,
				F646E4B9234925E500C5F77A /* InterestCell.xib */,
			);
			path = InterestCell;
			sourceTree = "<group>";
		};
		F646E4C42349346500C5F77A /* DataLayer */ = {
			isa = PBXGroup;
			children = (
				F646E4C52349346500C5F77A /* DataLayer.h */,
				F646E4C62349346500C5F77A /* Info.plist */,
				EC76DC88915F0C7206518815 /* PersistenceProviderInterface.swift */,
				F646E4D623493D2800C5F77A /* Model.xcdatamodeld */,
				EC76D360B3F71DF62A90CD56 /* CoreDataStack.swift */,
				EC76D5DD09ABAB222037E6B9 /* PersistenceProvider.swift */,
			);
			path = DataLayer;
			sourceTree = "<group>";
		};
		F646E4DB23493E8200C5F77A /* ViewItems */ = {
			isa = PBXGroup;
			children = (
				F646E4D923493E3D00C5F77A /* InterestItem.swift */,
			);
			path = ViewItems;
			sourceTree = "<group>";
		};
/* End PBXGroup section */

/* Begin PBXHeadersBuildPhase section */
		F60BE7DA234C7FB500B848D0 /* Headers */ = {
			isa = PBXHeadersBuildPhase;
			buildActionMask = 2147483647;
			files = (
				F60BE7E3234C7FB500B848D0 /* Utils.h in Headers */,
			);
			runOnlyForDeploymentPostprocessing = 0;
		};
		F646E4BE2349346500C5F77A /* Headers */ = {
			isa = PBXHeadersBuildPhase;
			buildActionMask = 2147483647;
			files = (
				F646E4C72349346500C5F77A /* DataLayer.h in Headers */,
			);
			runOnlyForDeploymentPostprocessing = 0;
		};
/* End PBXHeadersBuildPhase section */

/* Begin PBXNativeTarget section */
		F60BE7DE234C7FB500B848D0 /* Utils */ = {
			isa = PBXNativeTarget;
			buildConfigurationList = F60BE7E8234C7FB500B848D0 /* Build configuration list for PBXNativeTarget "Utils" */;
			buildPhases = (
				C578D9C9CE8E5BDB698F1786 /* [CP] Check Pods Manifest.lock */,
				F60BE7DA234C7FB500B848D0 /* Headers */,
				F60BE7DB234C7FB500B848D0 /* Sources */,
				F60BE7DC234C7FB500B848D0 /* Frameworks */,
				F60BE7DD234C7FB500B848D0 /* Resources */,
			);
			buildRules = (
			);
			dependencies = (
			);
			name = Utils;
			productName = Utils;
			productReference = F60BE7DF234C7FB500B848D0 /* Utils.framework */;
			productType = "com.apple.product-type.framework";
		};
		F646E40F23488FA000C5F77A /* MVVMTest */ = {
			isa = PBXNativeTarget;
			buildConfigurationList = F646E42423488FA100C5F77A /* Build configuration list for PBXNativeTarget "MVVMTest" */;
			buildPhases = (
				A9D41531060129259682709D /* [CP] Check Pods Manifest.lock */,
				F646E40C23488FA000C5F77A /* Sources */,
				F646E40D23488FA000C5F77A /* Frameworks */,
				F646E40E23488FA000C5F77A /* Resources */,
				F646E4B22348B50500C5F77A /* Embed Frameworks */,
				209F1FD0766F3A30EC2B3892 /* [CP] Embed Pods Frameworks */,
			);
			buildRules = (
			);
			dependencies = (
				F646E4C92349346500C5F77A /* PBXTargetDependency */,
				F60BE7E5234C7FB500B848D0 /* PBXTargetDependency */,
			);
			name = MVVMTest;
			productName = MVVMTest;
			productReference = F646E41023488FA000C5F77A /* MVVMTest.app */;
			productType = "com.apple.product-type.application";
		};
		F646E4C22349346500C5F77A /* DataLayer */ = {
			isa = PBXNativeTarget;
			buildConfigurationList = F646E4CC2349346500C5F77A /* Build configuration list for PBXNativeTarget "DataLayer" */;
			buildPhases = (
				9B9EA9A47F370CE74151CCD0 /* [CP] Check Pods Manifest.lock */,
				F646E4BE2349346500C5F77A /* Headers */,
				F646E4BF2349346500C5F77A /* Sources */,
				F646E4C02349346500C5F77A /* Frameworks */,
				F646E4C12349346500C5F77A /* Resources */,
			);
			buildRules = (
			);
			dependencies = (
			);
			name = DataLayer;
			productName = DataLayer;
			productReference = F646E4C32349346500C5F77A /* DataLayer.framework */;
			productType = "com.apple.product-type.framework";
		};
/* End PBXNativeTarget section */

/* Begin PBXProject section */
		F646E40823488FA000C5F77A /* Project object */ = {
			isa = PBXProject;
			attributes = {
				LastSwiftUpdateCheck = 1100;
				LastUpgradeCheck = 1100;
				ORGANIZATIONNAME = Genesis;
				TargetAttributes = {
					F60BE7DE234C7FB500B848D0 = {
						CreatedOnToolsVersion = 11.0;
						LastSwiftMigration = 1100;
					};
					F646E40F23488FA000C5F77A = {
						CreatedOnToolsVersion = 11.0;
					};
					F646E4C22349346500C5F77A = {
						CreatedOnToolsVersion = 11.0;
					};
				};
			};
			buildConfigurationList = F646E40B23488FA000C5F77A /* Build configuration list for PBXProject "MVVMTest" */;
			compatibilityVersion = "Xcode 9.3";
			developmentRegion = en;
			hasScannedForEncodings = 0;
			knownRegions = (
				en,
				Base,
			);
			mainGroup = F646E40723488FA000C5F77A;
			productRefGroup = F646E41123488FA000C5F77A /* Products */;
			projectDirPath = "";
			projectRoot = "";
			targets = (
				F646E40F23488FA000C5F77A /* MVVMTest */,
				F646E4C22349346500C5F77A /* DataLayer */,
				F60BE7DE234C7FB500B848D0 /* Utils */,
			);
		};
/* End PBXProject section */

/* Begin PBXResourcesBuildPhase section */
		F60BE7DD234C7FB500B848D0 /* Resources */ = {
			isa = PBXResourcesBuildPhase;
			buildActionMask = 2147483647;
			files = (
			);
			runOnlyForDeploymentPostprocessing = 0;
		};
		F646E40E23488FA000C5F77A /* Resources */ = {
			isa = PBXResourcesBuildPhase;
			buildActionMask = 2147483647;
			files = (
				F646E4BB234925E500C5F77A /* InterestCell.xib in Resources */,
				F646E42023488FA100C5F77A /* LaunchScreen.storyboard in Resources */,
				F646E41D23488FA100C5F77A /* Assets.xcassets in Resources */,
			);
			runOnlyForDeploymentPostprocessing = 0;
		};
		F646E4C12349346500C5F77A /* Resources */ = {
			isa = PBXResourcesBuildPhase;
			buildActionMask = 2147483647;
			files = (
			);
			runOnlyForDeploymentPostprocessing = 0;
		};
/* End PBXResourcesBuildPhase section */

/* Begin PBXShellScriptBuildPhase section */
		209F1FD0766F3A30EC2B3892 /* [CP] Embed Pods Frameworks */ = {
			isa = PBXShellScriptBuildPhase;
			buildActionMask = 2147483647;
			files = (
			);
			inputFileListPaths = (
				"${PODS_ROOT}/Target Support Files/Pods-MVVMTest/Pods-MVVMTest-frameworks-${CONFIGURATION}-input-files.xcfilelist",
			);
			name = "[CP] Embed Pods Frameworks";
			outputFileListPaths = (
				"${PODS_ROOT}/Target Support Files/Pods-MVVMTest/Pods-MVVMTest-frameworks-${CONFIGURATION}-output-files.xcfilelist",
			);
			runOnlyForDeploymentPostprocessing = 0;
			shellPath = /bin/sh;
			shellScript = "\"${PODS_ROOT}/Target Support Files/Pods-MVVMTest/Pods-MVVMTest-frameworks.sh\"\n";
			showEnvVarsInLog = 0;
		};
		9B9EA9A47F370CE74151CCD0 /* [CP] Check Pods Manifest.lock */ = {
			isa = PBXShellScriptBuildPhase;
			buildActionMask = 2147483647;
			files = (
			);
			inputFileListPaths = (
			);
			inputPaths = (
				"${PODS_PODFILE_DIR_PATH}/Podfile.lock",
				"${PODS_ROOT}/Manifest.lock",
			);
			name = "[CP] Check Pods Manifest.lock";
			outputFileListPaths = (
			);
			outputPaths = (
				"$(DERIVED_FILE_DIR)/Pods-DataLayer-checkManifestLockResult.txt",
			);
			runOnlyForDeploymentPostprocessing = 0;
			shellPath = /bin/sh;
			shellScript = "diff \"${PODS_PODFILE_DIR_PATH}/Podfile.lock\" \"${PODS_ROOT}/Manifest.lock\" > /dev/null\nif [ $? != 0 ] ; then\n    # print error to STDERR\n    echo \"error: The sandbox is not in sync with the Podfile.lock. Run 'pod install' or update your CocoaPods installation.\" >&2\n    exit 1\nfi\n# This output is used by Xcode 'outputs' to avoid re-running this script phase.\necho \"SUCCESS\" > \"${SCRIPT_OUTPUT_FILE_0}\"\n";
			showEnvVarsInLog = 0;
		};
		A9D41531060129259682709D /* [CP] Check Pods Manifest.lock */ = {
			isa = PBXShellScriptBuildPhase;
			buildActionMask = 2147483647;
			files = (
			);
			inputFileListPaths = (
			);
			inputPaths = (
				"${PODS_PODFILE_DIR_PATH}/Podfile.lock",
				"${PODS_ROOT}/Manifest.lock",
			);
			name = "[CP] Check Pods Manifest.lock";
			outputFileListPaths = (
			);
			outputPaths = (
				"$(DERIVED_FILE_DIR)/Pods-MVVMTest-checkManifestLockResult.txt",
			);
			runOnlyForDeploymentPostprocessing = 0;
			shellPath = /bin/sh;
			shellScript = "diff \"${PODS_PODFILE_DIR_PATH}/Podfile.lock\" \"${PODS_ROOT}/Manifest.lock\" > /dev/null\nif [ $? != 0 ] ; then\n    # print error to STDERR\n    echo \"error: The sandbox is not in sync with the Podfile.lock. Run 'pod install' or update your CocoaPods installation.\" >&2\n    exit 1\nfi\n# This output is used by Xcode 'outputs' to avoid re-running this script phase.\necho \"SUCCESS\" > \"${SCRIPT_OUTPUT_FILE_0}\"\n";
			showEnvVarsInLog = 0;
		};
		C578D9C9CE8E5BDB698F1786 /* [CP] Check Pods Manifest.lock */ = {
			isa = PBXShellScriptBuildPhase;
			buildActionMask = 2147483647;
			files = (
			);
			inputFileListPaths = (
			);
			inputPaths = (
				"${PODS_PODFILE_DIR_PATH}/Podfile.lock",
				"${PODS_ROOT}/Manifest.lock",
			);
			name = "[CP] Check Pods Manifest.lock";
			outputFileListPaths = (
			);
			outputPaths = (
				"$(DERIVED_FILE_DIR)/Pods-Utils-checkManifestLockResult.txt",
			);
			runOnlyForDeploymentPostprocessing = 0;
			shellPath = /bin/sh;
			shellScript = "diff \"${PODS_PODFILE_DIR_PATH}/Podfile.lock\" \"${PODS_ROOT}/Manifest.lock\" > /dev/null\nif [ $? != 0 ] ; then\n    # print error to STDERR\n    echo \"error: The sandbox is not in sync with the Podfile.lock. Run 'pod install' or update your CocoaPods installation.\" >&2\n    exit 1\nfi\n# This output is used by Xcode 'outputs' to avoid re-running this script phase.\necho \"SUCCESS\" > \"${SCRIPT_OUTPUT_FILE_0}\"\n";
			showEnvVarsInLog = 0;
		};
/* End PBXShellScriptBuildPhase section */

/* Begin PBXSourcesBuildPhase section */
		F60BE7DB234C7FB500B848D0 /* Sources */ = {
			isa = PBXSourcesBuildPhase;
			buildActionMask = 2147483647;
			files = (
				F60BE830234C7FD000B848D0 /* UIView+NibLoadExtensions.swift in Sources */,
				F60BE82A234C7FD000B848D0 /* Strings+Extensions.swift in Sources */,
				F60BE845234C7FD000B848D0 /* CGFloat+Extension.swift in Sources */,
				F60BE837234C7FD000B848D0 /* UIImageView+Kingfisher.swift in Sources */,
				F60BE82C234C7FD000B848D0 /* UIView+Visible.swift in Sources */,
				F60BE82E234C7FD000B848D0 /* UIView+Gradient.swift in Sources */,
				F60BE82F234C7FD000B848D0 /* UIView+Visibility-IhorNur.swift in Sources */,
				F60BE846234C7FD000B848D0 /* readJSON.swift in Sources */,
				F60BE838234C7FD000B848D0 /* Constraints+Extensions.swift in Sources */,
				F60BE82D234C7FD000B848D0 /* UIView+Animations.swift in Sources */,
				F60BE842234C7FD000B848D0 /* UIEdgeInsets+Initializations.swift in Sources */,
				F60BE83E234C7FD000B848D0 /* UITableView+Common.swift in Sources */,
				F60BE841234C7FD000B848D0 /* Double+Extensions.swift in Sources */,
				F60BE83C234C7FD000B848D0 /* UINavigationController+Common.swift in Sources */,
				F60BE834234C7FD000B848D0 /* AttributedStringExtension.swift in Sources */,
				F60BE831234C7FD000B848D0 /* UIViewTapping.swift in Sources */,
				F60BE822234C7FD000B848D0 /* UILinkableLabel.swift in Sources */,
				F60BE83B234C7FD000B848D0 /* UIViewController+Common.swift in Sources */,
				F60BE844234C7FD000B848D0 /* UITextField+Common.swift in Sources */,
				F60BE82B234C7FD000B848D0 /* View+BlurExtension.swift in Sources */,
				F60BE843234C7FD000B848D0 /* Error+Extensions.swift in Sources */,
				F60BE828234C7FD000B848D0 /* UIAlertController+Common.swift in Sources */,
				F60BE827234C7FD000B848D0 /* UIColor+Common.swift in Sources */,
				F60BE832234C7FD000B848D0 /* DealocateLocator.swift in Sources */,
				F60BE825234C7FD000B848D0 /* UIImageView+Extensions.swift in Sources */,
				F60BE83F234C7FD000B848D0 /* Optional+Extensions.swift in Sources */,
				F60BE824234C7FD000B848D0 /* Timing.swift in Sources */,
				F60BE826234C7FD000B848D0 /* UIApplication+KVC.swift in Sources */,
				F60BE836234C7FD000B848D0 /* UICollectionViewExtensions.swift in Sources */,
				F60BE833234C7FD000B848D0 /* CustomObserver.swift in Sources */,
				F60BE83A234C7FD000B848D0 /* UIViewController+ChildViewController.swift in Sources */,
				F60BE840234C7FD000B848D0 /* Date+Extensions.swift in Sources */,
				F60BE81F234C7FD000B848D0 /* ModuleType.swift in Sources */,
				F60BE821234C7FD000B848D0 /* CountingLabel.swift in Sources */,
				F60BE820234C7FD000B848D0 /* UserDefaults+Common.swift in Sources */,
				F60BE823234C7FD000B848D0 /* Int+Extensions.swift in Sources */,
				F60BE829234C7FD000B848D0 /* UIAlertAction+KVC.swift in Sources */,
				F60BE83D234C7FD000B848D0 /* UITableViewExtensions.swift in Sources */,
				F60BE835234C7FD000B848D0 /* BaseTypes.swift in Sources */,
				F60BE839234C7FD000B848D0 /* UIStoryboardIdentifiable.swift in Sources */,
			);
			runOnlyForDeploymentPostprocessing = 0;
		};
		F646E40C23488FA000C5F77A /* Sources */ = {
			isa = PBXSourcesBuildPhase;
			buildActionMask = 2147483647;
			files = (
				F646E4B42348B61B00C5F77A /* InterestsViewModel.swift in Sources */,
				F646E41423488FA000C5F77A /* AppDelegate.swift in Sources */,
				F646E4BA234925E500C5F77A /* InterestCell.swift in Sources */,
				F646E4DA23493E3D00C5F77A /* InterestItem.swift in Sources */,
				330AA6BF25DFD853004F7F5B /* InterestsView.swift in Sources */,
				F646E41623488FA000C5F77A /* SceneDelegate.swift in Sources */,
				EC76D9068C774722617B1215 /* AppCoordinator.swift in Sources */,
				F646E4B72348B66300C5F77A /* InterestsAssembler.swift in Sources */,
				EC76DEF2AF25EC0795E3B2FB /* InterestsViewController.swift in Sources */,
				EC76DE826FEB6C6BCBB5C89B /* LoginViewModel.swift in Sources */,
				330AA6D725DFEBA2004F7F5B /* Router.swift in Sources */,
				EC76D8FC96E4DCE98A84FD70 /* LoginViewController.swift in Sources */,
				EC76DE570D111154D3AD2CA9 /* LoginAssembler.swift in Sources */,
				EC76DB76F433DE26D2FF9036 /* CollectionHelper.swift in Sources */,
				EC76D0CE53DCC3A83F8DA150 /* DataProviderFactory.swift in Sources */,
				330AA6D125DFE25B004F7F5B /* LoginView.swift in Sources */,
				EC76DAB501A1C85A699C443C /* Colors.swift in Sources */,
			);
			runOnlyForDeploymentPostprocessing = 0;
		};
		F646E4BF2349346500C5F77A /* Sources */ = {
			isa = PBXSourcesBuildPhase;
			buildActionMask = 2147483647;
			files = (
				F646E4CF234934C400C5F77A /* PersistenceProviderInterface.swift in Sources */,
				F646E4D0234934CA00C5F77A /* CoreDataStack.swift in Sources */,
				EC76DAE4A97CEE51E1FCBFF3 /* PersistenceProvider.swift in Sources */,
				F646E4D823493D2800C5F77A /* Model.xcdatamodeld in Sources */,
			);
			runOnlyForDeploymentPostprocessing = 0;
		};
/* End PBXSourcesBuildPhase section */

/* Begin PBXTargetDependency section */
		F60BE7E5234C7FB500B848D0 /* PBXTargetDependency */ = {
			isa = PBXTargetDependency;
			target = F60BE7DE234C7FB500B848D0 /* Utils */;
			targetProxy = F60BE7E4234C7FB500B848D0 /* PBXContainerItemProxy */;
		};
		F646E4C92349346500C5F77A /* PBXTargetDependency */ = {
			isa = PBXTargetDependency;
			target = F646E4C22349346500C5F77A /* DataLayer */;
			targetProxy = F646E4C82349346500C5F77A /* PBXContainerItemProxy */;
		};
/* End PBXTargetDependency section */

/* Begin PBXVariantGroup section */
		F646E41E23488FA100C5F77A /* LaunchScreen.storyboard */ = {
			isa = PBXVariantGroup;
			children = (
				F646E41F23488FA100C5F77A /* Base */,
			);
			name = LaunchScreen.storyboard;
			sourceTree = "<group>";
		};
/* End PBXVariantGroup section */

/* Begin XCBuildConfiguration section */
		F60BE7E9234C7FB500B848D0 /* Debug */ = {
			isa = XCBuildConfiguration;
			baseConfigurationReference = C17AD0968E57F32CAC18CDBD /* Pods-Utils.debug.xcconfig */;
			buildSettings = {
				CLANG_ENABLE_MODULES = YES;
				CODE_SIGN_STYLE = Automatic;
				CURRENT_PROJECT_VERSION = 1;
				DEFINES_MODULE = YES;
				DEVELOPMENT_TEAM = 379294YDPQ;
				DYLIB_COMPATIBILITY_VERSION = 1;
				DYLIB_CURRENT_VERSION = 1;
				DYLIB_INSTALL_NAME_BASE = "@rpath";
				INFOPLIST_FILE = Utils/Info.plist;
				INSTALL_PATH = "$(LOCAL_LIBRARY_DIR)/Frameworks";
				LD_RUNPATH_SEARCH_PATHS = (
					"$(inherited)",
					"@executable_path/Frameworks",
					"@loader_path/Frameworks",
				);
				PRODUCT_BUNDLE_IDENTIFIER = Lion.Utils;
				PRODUCT_NAME = "$(TARGET_NAME:c99extidentifier)";
				SKIP_INSTALL = YES;
				SWIFT_OPTIMIZATION_LEVEL = "-Onone";
				SWIFT_VERSION = 5.0;
				TARGETED_DEVICE_FAMILY = "1,2";
				VERSIONING_SYSTEM = "apple-generic";
				VERSION_INFO_PREFIX = "";
			};
			name = Debug;
		};
		F60BE7EA234C7FB500B848D0 /* Release */ = {
			isa = XCBuildConfiguration;
			baseConfigurationReference = E0BA44DD78EB3A0F6CEE1CD3 /* Pods-Utils.release.xcconfig */;
			buildSettings = {
				CLANG_ENABLE_MODULES = YES;
				CODE_SIGN_STYLE = Automatic;
				CURRENT_PROJECT_VERSION = 1;
				DEFINES_MODULE = YES;
				DEVELOPMENT_TEAM = 379294YDPQ;
				DYLIB_COMPATIBILITY_VERSION = 1;
				DYLIB_CURRENT_VERSION = 1;
				DYLIB_INSTALL_NAME_BASE = "@rpath";
				INFOPLIST_FILE = Utils/Info.plist;
				INSTALL_PATH = "$(LOCAL_LIBRARY_DIR)/Frameworks";
				LD_RUNPATH_SEARCH_PATHS = (
					"$(inherited)",
					"@executable_path/Frameworks",
					"@loader_path/Frameworks",
				);
				PRODUCT_BUNDLE_IDENTIFIER = Lion.Utils;
				PRODUCT_NAME = "$(TARGET_NAME:c99extidentifier)";
				SKIP_INSTALL = YES;
				SWIFT_VERSION = 5.0;
				TARGETED_DEVICE_FAMILY = "1,2";
				VERSIONING_SYSTEM = "apple-generic";
				VERSION_INFO_PREFIX = "";
			};
			name = Release;
		};
		F646E42223488FA100C5F77A /* Debug */ = {
			isa = XCBuildConfiguration;
			buildSettings = {
				ALWAYS_SEARCH_USER_PATHS = NO;
				CLANG_ANALYZER_NONNULL = YES;
				CLANG_ANALYZER_NUMBER_OBJECT_CONVERSION = YES_AGGRESSIVE;
				CLANG_CXX_LANGUAGE_STANDARD = "gnu++14";
				CLANG_CXX_LIBRARY = "libc++";
				CLANG_ENABLE_MODULES = YES;
				CLANG_ENABLE_OBJC_ARC = YES;
				CLANG_ENABLE_OBJC_WEAK = YES;
				CLANG_WARN_BLOCK_CAPTURE_AUTORELEASING = YES;
				CLANG_WARN_BOOL_CONVERSION = YES;
				CLANG_WARN_COMMA = YES;
				CLANG_WARN_CONSTANT_CONVERSION = YES;
				CLANG_WARN_DEPRECATED_OBJC_IMPLEMENTATIONS = YES;
				CLANG_WARN_DIRECT_OBJC_ISA_USAGE = YES_ERROR;
				CLANG_WARN_DOCUMENTATION_COMMENTS = YES;
				CLANG_WARN_EMPTY_BODY = YES;
				CLANG_WARN_ENUM_CONVERSION = YES;
				CLANG_WARN_INFINITE_RECURSION = YES;
				CLANG_WARN_INT_CONVERSION = YES;
				CLANG_WARN_NON_LITERAL_NULL_CONVERSION = YES;
				CLANG_WARN_OBJC_IMPLICIT_RETAIN_SELF = YES;
				CLANG_WARN_OBJC_LITERAL_CONVERSION = YES;
				CLANG_WARN_OBJC_ROOT_CLASS = YES_ERROR;
				CLANG_WARN_RANGE_LOOP_ANALYSIS = YES;
				CLANG_WARN_STRICT_PROTOTYPES = YES;
				CLANG_WARN_SUSPICIOUS_MOVE = YES;
				CLANG_WARN_UNGUARDED_AVAILABILITY = YES_AGGRESSIVE;
				CLANG_WARN_UNREACHABLE_CODE = YES;
				CLANG_WARN__DUPLICATE_METHOD_MATCH = YES;
				COPY_PHASE_STRIP = NO;
				DEBUG_INFORMATION_FORMAT = dwarf;
				ENABLE_STRICT_OBJC_MSGSEND = YES;
				ENABLE_TESTABILITY = YES;
				GCC_C_LANGUAGE_STANDARD = gnu11;
				GCC_DYNAMIC_NO_PIC = NO;
				GCC_NO_COMMON_BLOCKS = YES;
				GCC_OPTIMIZATION_LEVEL = 0;
				GCC_PREPROCESSOR_DEFINITIONS = (
					"DEBUG=1",
					"$(inherited)",
				);
				GCC_WARN_64_TO_32_BIT_CONVERSION = YES;
				GCC_WARN_ABOUT_RETURN_TYPE = YES_ERROR;
				GCC_WARN_UNDECLARED_SELECTOR = YES;
				GCC_WARN_UNINITIALIZED_AUTOS = YES_AGGRESSIVE;
				GCC_WARN_UNUSED_FUNCTION = YES;
				GCC_WARN_UNUSED_VARIABLE = YES;
				IPHONEOS_DEPLOYMENT_TARGET = 13.0;
				MTL_ENABLE_DEBUG_INFO = INCLUDE_SOURCE;
				MTL_FAST_MATH = YES;
				ONLY_ACTIVE_ARCH = YES;
				SDKROOT = iphoneos;
				SWIFT_ACTIVE_COMPILATION_CONDITIONS = DEBUG;
				SWIFT_OPTIMIZATION_LEVEL = "-Onone";
			};
			name = Debug;
		};
		F646E42323488FA100C5F77A /* Release */ = {
			isa = XCBuildConfiguration;
			buildSettings = {
				ALWAYS_SEARCH_USER_PATHS = NO;
				CLANG_ANALYZER_NONNULL = YES;
				CLANG_ANALYZER_NUMBER_OBJECT_CONVERSION = YES_AGGRESSIVE;
				CLANG_CXX_LANGUAGE_STANDARD = "gnu++14";
				CLANG_CXX_LIBRARY = "libc++";
				CLANG_ENABLE_MODULES = YES;
				CLANG_ENABLE_OBJC_ARC = YES;
				CLANG_ENABLE_OBJC_WEAK = YES;
				CLANG_WARN_BLOCK_CAPTURE_AUTORELEASING = YES;
				CLANG_WARN_BOOL_CONVERSION = YES;
				CLANG_WARN_COMMA = YES;
				CLANG_WARN_CONSTANT_CONVERSION = YES;
				CLANG_WARN_DEPRECATED_OBJC_IMPLEMENTATIONS = YES;
				CLANG_WARN_DIRECT_OBJC_ISA_USAGE = YES_ERROR;
				CLANG_WARN_DOCUMENTATION_COMMENTS = YES;
				CLANG_WARN_EMPTY_BODY = YES;
				CLANG_WARN_ENUM_CONVERSION = YES;
				CLANG_WARN_INFINITE_RECURSION = YES;
				CLANG_WARN_INT_CONVERSION = YES;
				CLANG_WARN_NON_LITERAL_NULL_CONVERSION = YES;
				CLANG_WARN_OBJC_IMPLICIT_RETAIN_SELF = YES;
				CLANG_WARN_OBJC_LITERAL_CONVERSION = YES;
				CLANG_WARN_OBJC_ROOT_CLASS = YES_ERROR;
				CLANG_WARN_RANGE_LOOP_ANALYSIS = YES;
				CLANG_WARN_STRICT_PROTOTYPES = YES;
				CLANG_WARN_SUSPICIOUS_MOVE = YES;
				CLANG_WARN_UNGUARDED_AVAILABILITY = YES_AGGRESSIVE;
				CLANG_WARN_UNREACHABLE_CODE = YES;
				CLANG_WARN__DUPLICATE_METHOD_MATCH = YES;
				COPY_PHASE_STRIP = NO;
				DEBUG_INFORMATION_FORMAT = "dwarf-with-dsym";
				ENABLE_NS_ASSERTIONS = NO;
				ENABLE_STRICT_OBJC_MSGSEND = YES;
				GCC_C_LANGUAGE_STANDARD = gnu11;
				GCC_NO_COMMON_BLOCKS = YES;
				GCC_WARN_64_TO_32_BIT_CONVERSION = YES;
				GCC_WARN_ABOUT_RETURN_TYPE = YES_ERROR;
				GCC_WARN_UNDECLARED_SELECTOR = YES;
				GCC_WARN_UNINITIALIZED_AUTOS = YES_AGGRESSIVE;
				GCC_WARN_UNUSED_FUNCTION = YES;
				GCC_WARN_UNUSED_VARIABLE = YES;
				IPHONEOS_DEPLOYMENT_TARGET = 13.0;
				MTL_ENABLE_DEBUG_INFO = NO;
				MTL_FAST_MATH = YES;
				SDKROOT = iphoneos;
				SWIFT_COMPILATION_MODE = wholemodule;
				SWIFT_OPTIMIZATION_LEVEL = "-O";
				VALIDATE_PRODUCT = YES;
			};
			name = Release;
		};
		F646E42523488FA100C5F77A /* Debug */ = {
			isa = XCBuildConfiguration;
			baseConfigurationReference = AE8F2BFD777DB78C0012DF03 /* Pods-MVVMTest.debug.xcconfig */;
			buildSettings = {
				ALWAYS_EMBED_SWIFT_STANDARD_LIBRARIES = YES;
				ASSETCATALOG_COMPILER_APPICON_NAME = AppIcon;
				CODE_SIGN_STYLE = Automatic;
				DEVELOPMENT_TEAM = 379294YDPQ;
				INFOPLIST_FILE = MVVMTest/SupportedFiles/Info.plist;
				LD_RUNPATH_SEARCH_PATHS = (
					"$(inherited)",
					"@executable_path/Frameworks",
				);
				OTHER_LDFLAGS = (
					"$(inherited)",
					"-l\"z\"",
					"-framework",
					"\"FBSDKCoreKit\"",
					"-framework",
					"\"FBSDKLoginKit\"",
					"-weak_framework",
					"\"Accounts\"",
					"-weak_framework",
					"\"AudioToolbox\"",
					"-weak_framework",
					"\"CoreGraphics\"",
					"-weak_framework",
					"\"CoreLocation\"",
					"-weak_framework",
					"\"Foundation\"",
					"-weak_framework",
					"\"QuartzCore\"",
					"-weak_framework",
					"\"Security\"",
					"-weak_framework",
					"\"Social\"",
					"-weak_framework",
					"\"UIKit\"",
					"-ObjC",
				);
				PRODUCT_BUNDLE_IDENTIFIER = OwnLion.MVVMTest;
				PRODUCT_NAME = "$(TARGET_NAME)";
				SWIFT_VERSION = 5.0;
				TARGETED_DEVICE_FAMILY = "1,2";
			};
			name = Debug;
		};
		F646E42623488FA100C5F77A /* Release */ = {
			isa = XCBuildConfiguration;
			baseConfigurationReference = 4FFEAE43C6E28FEB07116E43 /* Pods-MVVMTest.release.xcconfig */;
			buildSettings = {
				ALWAYS_EMBED_SWIFT_STANDARD_LIBRARIES = YES;
				ASSETCATALOG_COMPILER_APPICON_NAME = AppIcon;
				CODE_SIGN_STYLE = Automatic;
				DEVELOPMENT_TEAM = 379294YDPQ;
				INFOPLIST_FILE = MVVMTest/SupportedFiles/Info.plist;
				LD_RUNPATH_SEARCH_PATHS = (
					"$(inherited)",
					"@executable_path/Frameworks",
				);
				OTHER_LDFLAGS = (
					"$(inherited)",
					"-l\"z\"",
					"-framework",
					"\"FBSDKCoreKit\"",
					"-framework",
					"\"FBSDKLoginKit\"",
					"-weak_framework",
					"\"Accounts\"",
					"-weak_framework",
					"\"AudioToolbox\"",
					"-weak_framework",
					"\"CoreGraphics\"",
					"-weak_framework",
					"\"CoreLocation\"",
					"-weak_framework",
					"\"Foundation\"",
					"-weak_framework",
					"\"QuartzCore\"",
					"-weak_framework",
					"\"Security\"",
					"-weak_framework",
					"\"Social\"",
					"-weak_framework",
					"\"UIKit\"",
					"-ObjC",
				);
				PRODUCT_BUNDLE_IDENTIFIER = OwnLion.MVVMTest;
				PRODUCT_NAME = "$(TARGET_NAME)";
				SWIFT_VERSION = 5.0;
				TARGETED_DEVICE_FAMILY = "1,2";
			};
			name = Release;
		};
		F646E4CD2349346500C5F77A /* Debug */ = {
			isa = XCBuildConfiguration;
			baseConfigurationReference = 9B93F643E314D48631137B5D /* Pods-DataLayer.debug.xcconfig */;
			buildSettings = {
				CODE_SIGN_STYLE = Automatic;
				CURRENT_PROJECT_VERSION = 1;
				DEFINES_MODULE = YES;
				DEVELOPMENT_TEAM = 379294YDPQ;
				DYLIB_COMPATIBILITY_VERSION = 1;
				DYLIB_CURRENT_VERSION = 1;
				DYLIB_INSTALL_NAME_BASE = "@rpath";
				INFOPLIST_FILE = DataLayer/Info.plist;
				INSTALL_PATH = "$(LOCAL_LIBRARY_DIR)/Frameworks";
				LD_RUNPATH_SEARCH_PATHS = (
					"$(inherited)",
					"@executable_path/Frameworks",
					"@loader_path/Frameworks",
				);
				PRODUCT_BUNDLE_IDENTIFIER = Lion.DataLayer;
				PRODUCT_NAME = "$(TARGET_NAME:c99extidentifier)";
				SKIP_INSTALL = YES;
				SWIFT_VERSION = 5.0;
				TARGETED_DEVICE_FAMILY = "1,2";
				VERSIONING_SYSTEM = "apple-generic";
				VERSION_INFO_PREFIX = "";
			};
			name = Debug;
		};
		F646E4CE2349346500C5F77A /* Release */ = {
			isa = XCBuildConfiguration;
			baseConfigurationReference = 9E524425CF60655C4BA7F857 /* Pods-DataLayer.release.xcconfig */;
			buildSettings = {
				CODE_SIGN_STYLE = Automatic;
				CURRENT_PROJECT_VERSION = 1;
				DEFINES_MODULE = YES;
				DEVELOPMENT_TEAM = 379294YDPQ;
				DYLIB_COMPATIBILITY_VERSION = 1;
				DYLIB_CURRENT_VERSION = 1;
				DYLIB_INSTALL_NAME_BASE = "@rpath";
				INFOPLIST_FILE = DataLayer/Info.plist;
				INSTALL_PATH = "$(LOCAL_LIBRARY_DIR)/Frameworks";
				LD_RUNPATH_SEARCH_PATHS = (
					"$(inherited)",
					"@executable_path/Frameworks",
					"@loader_path/Frameworks",
				);
				PRODUCT_BUNDLE_IDENTIFIER = Lion.DataLayer;
				PRODUCT_NAME = "$(TARGET_NAME:c99extidentifier)";
				SKIP_INSTALL = YES;
				SWIFT_VERSION = 5.0;
				TARGETED_DEVICE_FAMILY = "1,2";
				VERSIONING_SYSTEM = "apple-generic";
				VERSION_INFO_PREFIX = "";
			};
			name = Release;
		};
/* End XCBuildConfiguration section */

/* Begin XCConfigurationList section */
		F60BE7E8234C7FB500B848D0 /* Build configuration list for PBXNativeTarget "Utils" */ = {
			isa = XCConfigurationList;
			buildConfigurations = (
				F60BE7E9234C7FB500B848D0 /* Debug */,
				F60BE7EA234C7FB500B848D0 /* Release */,
			);
			defaultConfigurationIsVisible = 0;
			defaultConfigurationName = Release;
		};
		F646E40B23488FA000C5F77A /* Build configuration list for PBXProject "MVVMTest" */ = {
			isa = XCConfigurationList;
			buildConfigurations = (
				F646E42223488FA100C5F77A /* Debug */,
				F646E42323488FA100C5F77A /* Release */,
			);
			defaultConfigurationIsVisible = 0;
			defaultConfigurationName = Release;
		};
		F646E42423488FA100C5F77A /* Build configuration list for PBXNativeTarget "MVVMTest" */ = {
			isa = XCConfigurationList;
			buildConfigurations = (
				F646E42523488FA100C5F77A /* Debug */,
				F646E42623488FA100C5F77A /* Release */,
			);
			defaultConfigurationIsVisible = 0;
			defaultConfigurationName = Release;
		};
		F646E4CC2349346500C5F77A /* Build configuration list for PBXNativeTarget "DataLayer" */ = {
			isa = XCConfigurationList;
			buildConfigurations = (
				F646E4CD2349346500C5F77A /* Debug */,
				F646E4CE2349346500C5F77A /* Release */,
			);
			defaultConfigurationIsVisible = 0;
			defaultConfigurationName = Release;
		};
/* End XCConfigurationList section */

/* Begin XCVersionGroup section */
		F646E4D623493D2800C5F77A /* Model.xcdatamodeld */ = {
			isa = XCVersionGroup;
			children = (
				F646E4D723493D2800C5F77A /* Model.xcdatamodel */,
			);
			currentVersion = F646E4D723493D2800C5F77A /* Model.xcdatamodel */;
			path = Model.xcdatamodeld;
			sourceTree = "<group>";
			versionGroupType = wrapper.xcdatamodel;
		};
/* End XCVersionGroup section */
	};
	rootObject = F646E40823488FA000C5F77A /* Project object */;
}
